// !$*UTF8*$!
{
	archiveVersion = 1;
	classes = {
	};
	objectVersion = 55;
	objects = {

/* Begin PBXBuildFile section */
		39AB8AD29CA489C59862EFA9 /* Pods_LBNetwork.framework in Frameworks */ = {isa = PBXBuildFile; fileRef = EC025B8AE81207B49A507BF0 /* Pods_LBNetwork.framework */; };
		4F4234CE27A9757C00512C5E /* Network.docc in Sources */ = {isa = PBXBuildFile; fileRef = 4F4234CD27A9757C00512C5E /* Network.docc */; };
		4F4234D427A9757D00512C5E /* LBNetwork.framework in Frameworks */ = {isa = PBXBuildFile; fileRef = 4F4234C927A9757C00512C5E /* LBNetwork.framework */; };
		4F4234D927A9757D00512C5E /* NetworkTests.swift in Sources */ = {isa = PBXBuildFile; fileRef = 4F4234D827A9757D00512C5E /* NetworkTests.swift */; };
		4F4234DA27A9757D00512C5E /* Network.h in Headers */ = {isa = PBXBuildFile; fileRef = 4F4234CC27A9757C00512C5E /* Network.h */; settings = {ATTRIBUTES = (Public, ); }; };
		4F4235B727AECF9B00512C5E /* Service.swift in Sources */ = {isa = PBXBuildFile; fileRef = 4F4235B627AECF9B00512C5E /* Service.swift */; };
		4F4235C327B2792C00512C5E /* NetworkManager.swift in Sources */ = {isa = PBXBuildFile; fileRef = 4F4235C227B2792C00512C5E /* NetworkManager.swift */; };
/* End PBXBuildFile section */

/* Begin PBXContainerItemProxy section */
		4F4234D527A9757D00512C5E /* PBXContainerItemProxy */ = {
			isa = PBXContainerItemProxy;
			containerPortal = 4F4234C027A9757C00512C5E /* Project object */;
			proxyType = 1;
			remoteGlobalIDString = 4F4234C827A9757C00512C5E;
			remoteInfo = Network;
		};
/* End PBXContainerItemProxy section */

/* Begin PBXFileReference section */
		0440D021CCD86C7A2CE1E19F /* Pods-Network.debug.xcconfig */ = {isa = PBXFileReference; includeInIndex = 1; lastKnownFileType = text.xcconfig; name = "Pods-Network.debug.xcconfig"; path = "../../Pods/Target Support Files/Pods-Network/Pods-Network.debug.xcconfig"; sourceTree = "<group>"; };
		27A1AE6A0B999360EB8EE48C /* Pods-LBNetwork.release.xcconfig */ = {isa = PBXFileReference; includeInIndex = 1; lastKnownFileType = text.xcconfig; name = "Pods-LBNetwork.release.xcconfig"; path = "../../Pods/Target Support Files/Pods-LBNetwork/Pods-LBNetwork.release.xcconfig"; sourceTree = "<group>"; };
		3325122A1BBA43EB87DC7D6C /* Pods-LBNetwork.debug.xcconfig */ = {isa = PBXFileReference; includeInIndex = 1; lastKnownFileType = text.xcconfig; name = "Pods-LBNetwork.debug.xcconfig"; path = "../../Pods/Target Support Files/Pods-LBNetwork/Pods-LBNetwork.debug.xcconfig"; sourceTree = "<group>"; };
		4F4234C927A9757C00512C5E /* LBNetwork.framework */ = {isa = PBXFileReference; explicitFileType = wrapper.framework; includeInIndex = 0; path = LBNetwork.framework; sourceTree = BUILT_PRODUCTS_DIR; };
		4F4234CC27A9757C00512C5E /* Network.h */ = {isa = PBXFileReference; lastKnownFileType = sourcecode.c.h; path = Network.h; sourceTree = "<group>"; };
		4F4234CD27A9757C00512C5E /* Network.docc */ = {isa = PBXFileReference; lastKnownFileType = folder.documentationcatalog; path = Network.docc; sourceTree = "<group>"; };
		4F4234D327A9757D00512C5E /* LBNetworkTests.xctest */ = {isa = PBXFileReference; explicitFileType = wrapper.cfbundle; includeInIndex = 0; path = LBNetworkTests.xctest; sourceTree = BUILT_PRODUCTS_DIR; };
		4F4234D827A9757D00512C5E /* NetworkTests.swift */ = {isa = PBXFileReference; lastKnownFileType = sourcecode.swift; path = NetworkTests.swift; sourceTree = "<group>"; };
		4F4235B627AECF9B00512C5E /* Service.swift */ = {isa = PBXFileReference; lastKnownFileType = sourcecode.swift; path = Service.swift; sourceTree = "<group>"; };
		4F4235C227B2792C00512C5E /* NetworkManager.swift */ = {isa = PBXFileReference; lastKnownFileType = sourcecode.swift; path = NetworkManager.swift; sourceTree = "<group>"; };
		D883834765498324D5AB0A1F /* Pods-Network.release.xcconfig */ = {isa = PBXFileReference; includeInIndex = 1; lastKnownFileType = text.xcconfig; name = "Pods-Network.release.xcconfig"; path = "../../Pods/Target Support Files/Pods-Network/Pods-Network.release.xcconfig"; sourceTree = "<group>"; };
		EC025B8AE81207B49A507BF0 /* Pods_LBNetwork.framework */ = {isa = PBXFileReference; explicitFileType = wrapper.framework; includeInIndex = 0; path = Pods_LBNetwork.framework; sourceTree = BUILT_PRODUCTS_DIR; };
/* End PBXFileReference section */

/* Begin PBXFrameworksBuildPhase section */
		4F4234C627A9757C00512C5E /* Frameworks */ = {
			isa = PBXFrameworksBuildPhase;
			buildActionMask = 2147483647;
			files = (
				39AB8AD29CA489C59862EFA9 /* Pods_LBNetwork.framework in Frameworks */,
			);
			runOnlyForDeploymentPostprocessing = 0;
		};
		4F4234D027A9757D00512C5E /* Frameworks */ = {
			isa = PBXFrameworksBuildPhase;
			buildActionMask = 2147483647;
			files = (
				4F4234D427A9757D00512C5E /* LBNetwork.framework in Frameworks */,
			);
			runOnlyForDeploymentPostprocessing = 0;
		};
/* End PBXFrameworksBuildPhase section */

/* Begin PBXGroup section */
		4F4234BF27A9757C00512C5E = {
			isa = PBXGroup;
			children = (
				4F4235C127B2791700512C5E /* Manager */,
				4F4235B527AECF8C00512C5E /* Service */,
				4F4234CB27A9757C00512C5E /* Documentation */,
				4F4234D727A9757D00512C5E /* NetworkTests */,
				4F4234CA27A9757C00512C5E /* Products */,
				F2D2FB14D437B726A245622D /* Pods */,
				956A5FC0DBB2C934CDA67955 /* Frameworks */,
			);
			sourceTree = "<group>";
		};
		4F4234CA27A9757C00512C5E /* Products */ = {
			isa = PBXGroup;
			children = (
				4F4234C927A9757C00512C5E /* LBNetwork.framework */,
				4F4234D327A9757D00512C5E /* LBNetworkTests.xctest */,
			);
			name = Products;
			sourceTree = "<group>";
		};
		4F4234CB27A9757C00512C5E /* Documentation */ = {
			isa = PBXGroup;
			children = (
				4F4234CC27A9757C00512C5E /* Network.h */,
				4F4234CD27A9757C00512C5E /* Network.docc */,
			);
			path = Documentation;
			sourceTree = "<group>";
		};
		4F4234D727A9757D00512C5E /* NetworkTests */ = {
			isa = PBXGroup;
			children = (
				4F4234D827A9757D00512C5E /* NetworkTests.swift */,
			);
			path = NetworkTests;
			sourceTree = "<group>";
		};
		4F4235B527AECF8C00512C5E /* Service */ = {
			isa = PBXGroup;
			children = (
				4F4235B627AECF9B00512C5E /* Service.swift */,
			);
			name = Service;
			sourceTree = "<group>";
		};
		4F4235C127B2791700512C5E /* Manager */ = {
			isa = PBXGroup;
			children = (
				4F4235C227B2792C00512C5E /* NetworkManager.swift */,
			);
			name = Manager;
			sourceTree = "<group>";
		};
		956A5FC0DBB2C934CDA67955 /* Frameworks */ = {
			isa = PBXGroup;
			children = (
				EC025B8AE81207B49A507BF0 /* Pods_LBNetwork.framework */,
			);
			name = Frameworks;
			sourceTree = "<group>";
		};
		F2D2FB14D437B726A245622D /* Pods */ = {
			isa = PBXGroup;
			children = (
				0440D021CCD86C7A2CE1E19F /* Pods-Network.debug.xcconfig */,
				D883834765498324D5AB0A1F /* Pods-Network.release.xcconfig */,
				3325122A1BBA43EB87DC7D6C /* Pods-LBNetwork.debug.xcconfig */,
				27A1AE6A0B999360EB8EE48C /* Pods-LBNetwork.release.xcconfig */,
			);
			path = Pods;
			sourceTree = "<group>";
		};
/* End PBXGroup section */

/* Begin PBXHeadersBuildPhase section */
		4F4234C427A9757C00512C5E /* Headers */ = {
			isa = PBXHeadersBuildPhase;
			buildActionMask = 2147483647;
			files = (
				4F4234DA27A9757D00512C5E /* Network.h in Headers */,
			);
			runOnlyForDeploymentPostprocessing = 0;
		};
/* End PBXHeadersBuildPhase section */

/* Begin PBXNativeTarget section */
		4F4234C827A9757C00512C5E /* LBNetwork */ = {
			isa = PBXNativeTarget;
			buildConfigurationList = 4F4234DD27A9757D00512C5E /* Build configuration list for PBXNativeTarget "LBNetwork" */;
			buildPhases = (
				E835A121DE9628BF10100ADA /* [CP] Check Pods Manifest.lock */,
				4F4234C427A9757C00512C5E /* Headers */,
				4F4234C527A9757C00512C5E /* Sources */,
				4F4234C627A9757C00512C5E /* Frameworks */,
				4F4234C727A9757C00512C5E /* Resources */,
			);
			buildRules = (
			);
			dependencies = (
			);
			name = LBNetwork;
			productName = Network;
			productReference = 4F4234C927A9757C00512C5E /* LBNetwork.framework */;
			productType = "com.apple.product-type.framework";
		};
		4F4234D227A9757D00512C5E /* LBNetworkTests */ = {
			isa = PBXNativeTarget;
			buildConfigurationList = 4F4234E027A9757D00512C5E /* Build configuration list for PBXNativeTarget "LBNetworkTests" */;
			buildPhases = (
				4F4234CF27A9757D00512C5E /* Sources */,
				4F4234D027A9757D00512C5E /* Frameworks */,
				4F4234D127A9757D00512C5E /* Resources */,
			);
			buildRules = (
			);
			dependencies = (
				4F4234D627A9757D00512C5E /* PBXTargetDependency */,
			);
			name = LBNetworkTests;
			productName = NetworkTests;
			productReference = 4F4234D327A9757D00512C5E /* LBNetworkTests.xctest */;
			productType = "com.apple.product-type.bundle.unit-test";
		};
/* End PBXNativeTarget section */

/* Begin PBXProject section */
		4F4234C027A9757C00512C5E /* Project object */ = {
			isa = PBXProject;
			attributes = {
				BuildIndependentTargetsInParallel = 1;
				LastSwiftUpdateCheck = 1320;
				LastUpgradeCheck = 1320;
				TargetAttributes = {
					4F4234C827A9757C00512C5E = {
						CreatedOnToolsVersion = 13.2.1;
					};
					4F4234D227A9757D00512C5E = {
						CreatedOnToolsVersion = 13.2.1;
					};
				};
			};
			buildConfigurationList = 4F4234C327A9757C00512C5E /* Build configuration list for PBXProject "LBNetwork" */;
			compatibilityVersion = "Xcode 13.0";
			developmentRegion = en;
			hasScannedForEncodings = 0;
			knownRegions = (
				en,
				Base,
			);
			mainGroup = 4F4234BF27A9757C00512C5E;
			productRefGroup = 4F4234CA27A9757C00512C5E /* Products */;
			projectDirPath = "";
			projectRoot = "";
			targets = (
				4F4234C827A9757C00512C5E /* LBNetwork */,
				4F4234D227A9757D00512C5E /* LBNetworkTests */,
			);
		};
/* End PBXProject section */

/* Begin PBXResourcesBuildPhase section */
		4F4234C727A9757C00512C5E /* Resources */ = {
			isa = PBXResourcesBuildPhase;
			buildActionMask = 2147483647;
			files = (
			);
			runOnlyForDeploymentPostprocessing = 0;
		};
		4F4234D127A9757D00512C5E /* Resources */ = {
			isa = PBXResourcesBuildPhase;
			buildActionMask = 2147483647;
			files = (
			);
			runOnlyForDeploymentPostprocessing = 0;
		};
/* End PBXResourcesBuildPhase section */

/* Begin PBXShellScriptBuildPhase section */
		E835A121DE9628BF10100ADA /* [CP] Check Pods Manifest.lock */ = {
			isa = PBXShellScriptBuildPhase;
			buildActionMask = 2147483647;
			files = (
			);
			inputFileListPaths = (
			);
			inputPaths = (
				"${PODS_PODFILE_DIR_PATH}/Podfile.lock",
				"${PODS_ROOT}/Manifest.lock",
			);
			name = "[CP] Check Pods Manifest.lock";
			outputFileListPaths = (
			);
			outputPaths = (
				"$(DERIVED_FILE_DIR)/Pods-LBNetwork-checkManifestLockResult.txt",
			);
			runOnlyForDeploymentPostprocessing = 0;
			shellPath = /bin/sh;
			shellScript = "diff \"${PODS_PODFILE_DIR_PATH}/Podfile.lock\" \"${PODS_ROOT}/Manifest.lock\" > /dev/null\nif [ $? != 0 ] ; then\n    # print error to STDERR\n    echo \"error: The sandbox is not in sync with the Podfile.lock. Run 'pod install' or update your CocoaPods installation.\" >&2\n    exit 1\nfi\n# This output is used by Xcode 'outputs' to avoid re-running this script phase.\necho \"SUCCESS\" > \"${SCRIPT_OUTPUT_FILE_0}\"\n";
			showEnvVarsInLog = 0;
		};
/* End PBXShellScriptBuildPhase section */

/* Begin PBXSourcesBuildPhase section */
		4F4234C527A9757C00512C5E /* Sources */ = {
			isa = PBXSourcesBuildPhase;
			buildActionMask = 2147483647;
			files = (
				4F4235C327B2792C00512C5E /* NetworkManager.swift in Sources */,
				4F4234CE27A9757C00512C5E /* Network.docc in Sources */,
				4F4235B727AECF9B00512C5E /* Service.swift in Sources */,
			);
			runOnlyForDeploymentPostprocessing = 0;
		};
		4F4234CF27A9757D00512C5E /* Sources */ = {
			isa = PBXSourcesBuildPhase;
			buildActionMask = 2147483647;
			files = (
				4F4234D927A9757D00512C5E /* NetworkTests.swift in Sources */,
			);
			runOnlyForDeploymentPostprocessing = 0;
		};
/* End PBXSourcesBuildPhase section */

/* Begin PBXTargetDependency section */
		4F4234D627A9757D00512C5E /* PBXTargetDependency */ = {
			isa = PBXTargetDependency;
			target = 4F4234C827A9757C00512C5E /* LBNetwork */;
			targetProxy = 4F4234D527A9757D00512C5E /* PBXContainerItemProxy */;
		};
/* End PBXTargetDependency section */

/* Begin XCBuildConfiguration section */
		4F4234DB27A9757D00512C5E /* Debug */ = {
			isa = XCBuildConfiguration;
			buildSettings = {
				ALWAYS_SEARCH_USER_PATHS = NO;
				CLANG_ANALYZER_NONNULL = YES;
				CLANG_ANALYZER_NUMBER_OBJECT_CONVERSION = YES_AGGRESSIVE;
				CLANG_CXX_LANGUAGE_STANDARD = "gnu++17";
				CLANG_CXX_LIBRARY = "libc++";
				CLANG_ENABLE_MODULES = YES;
				CLANG_ENABLE_OBJC_ARC = YES;
				CLANG_ENABLE_OBJC_WEAK = YES;
				CLANG_WARN_BLOCK_CAPTURE_AUTORELEASING = YES;
				CLANG_WARN_BOOL_CONVERSION = YES;
				CLANG_WARN_COMMA = YES;
				CLANG_WARN_CONSTANT_CONVERSION = YES;
				CLANG_WARN_DEPRECATED_OBJC_IMPLEMENTATIONS = YES;
				CLANG_WARN_DIRECT_OBJC_ISA_USAGE = YES_ERROR;
				CLANG_WARN_DOCUMENTATION_COMMENTS = YES;
				CLANG_WARN_EMPTY_BODY = YES;
				CLANG_WARN_ENUM_CONVERSION = YES;
				CLANG_WARN_INFINITE_RECURSION = YES;
				CLANG_WARN_INT_CONVERSION = YES;
				CLANG_WARN_NON_LITERAL_NULL_CONVERSION = YES;
				CLANG_WARN_OBJC_IMPLICIT_RETAIN_SELF = YES;
				CLANG_WARN_OBJC_LITERAL_CONVERSION = YES;
				CLANG_WARN_OBJC_ROOT_CLASS = YES_ERROR;
				CLANG_WARN_QUOTED_INCLUDE_IN_FRAMEWORK_HEADER = YES;
				CLANG_WARN_RANGE_LOOP_ANALYSIS = YES;
				CLANG_WARN_STRICT_PROTOTYPES = YES;
				CLANG_WARN_SUSPICIOUS_MOVE = YES;
				CLANG_WARN_UNGUARDED_AVAILABILITY = YES_AGGRESSIVE;
				CLANG_WARN_UNREACHABLE_CODE = YES;
				CLANG_WARN__DUPLICATE_METHOD_MATCH = YES;
				CODE_SIGN_STYLE = Manual;
				COPY_PHASE_STRIP = NO;
				CURRENT_PROJECT_VERSION = 1;
				DEBUG_INFORMATION_FORMAT = dwarf;
				DEFINES_MODULE = YES;
				DYLIB_COMPATIBILITY_VERSION = 1;
				DYLIB_CURRENT_VERSION = 1;
				ENABLE_STRICT_OBJC_MSGSEND = YES;
				ENABLE_TESTABILITY = YES;
				GCC_C_LANGUAGE_STANDARD = gnu11;
				GCC_DYNAMIC_NO_PIC = NO;
				GCC_NO_COMMON_BLOCKS = YES;
				GCC_OPTIMIZATION_LEVEL = 0;
				GCC_PREPROCESSOR_DEFINITIONS = (
					"DEBUG=1",
					"$(inherited)",
				);
				GCC_WARN_64_TO_32_BIT_CONVERSION = YES;
				GCC_WARN_ABOUT_RETURN_TYPE = YES_ERROR;
				GCC_WARN_UNDECLARED_SELECTOR = YES;
				GCC_WARN_UNINITIALIZED_AUTOS = YES_AGGRESSIVE;
				GCC_WARN_UNUSED_FUNCTION = YES;
				GCC_WARN_UNUSED_VARIABLE = YES;
				GENERATE_INFOPLIST_FILE = YES;
				IPHONEOS_DEPLOYMENT_TARGET = 15.0;
				MARKETING_VERSION = 1.0;
				MTL_ENABLE_DEBUG_INFO = INCLUDE_SOURCE;
				MTL_FAST_MATH = YES;
				ONLY_ACTIVE_ARCH = YES;
				PRODUCT_BUNDLE_IDENTIFIER = com.qbeaudoul.Network;
				PRODUCT_NAME = Network;
				SDKROOT = iphoneos;
				SUPPORTS_MACCATALYST = NO;
				SWIFT_ACTIVE_COMPILATION_CONDITIONS = DEBUG;
				SWIFT_EMIT_LOC_STRINGS = YES;
				SWIFT_OPTIMIZATION_LEVEL = "-Onone";
				SWIFT_VERSION = 5.0;
				TARGETED_DEVICE_FAMILY = 1;
				VERSIONING_SYSTEM = "apple-generic";
				VERSION_INFO_PREFIX = "";
			};
			name = Debug;
		};
		4F4234DC27A9757D00512C5E /* Release */ = {
			isa = XCBuildConfiguration;
			buildSettings = {
				ALWAYS_SEARCH_USER_PATHS = NO;
				CLANG_ANALYZER_NONNULL = YES;
				CLANG_ANALYZER_NUMBER_OBJECT_CONVERSION = YES_AGGRESSIVE;
				CLANG_CXX_LANGUAGE_STANDARD = "gnu++17";
				CLANG_CXX_LIBRARY = "libc++";
				CLANG_ENABLE_MODULES = YES;
				CLANG_ENABLE_OBJC_ARC = YES;
				CLANG_ENABLE_OBJC_WEAK = YES;
				CLANG_WARN_BLOCK_CAPTURE_AUTORELEASING = YES;
				CLANG_WARN_BOOL_CONVERSION = YES;
				CLANG_WARN_COMMA = YES;
				CLANG_WARN_CONSTANT_CONVERSION = YES;
				CLANG_WARN_DEPRECATED_OBJC_IMPLEMENTATIONS = YES;
				CLANG_WARN_DIRECT_OBJC_ISA_USAGE = YES_ERROR;
				CLANG_WARN_DOCUMENTATION_COMMENTS = YES;
				CLANG_WARN_EMPTY_BODY = YES;
				CLANG_WARN_ENUM_CONVERSION = YES;
				CLANG_WARN_INFINITE_RECURSION = YES;
				CLANG_WARN_INT_CONVERSION = YES;
				CLANG_WARN_NON_LITERAL_NULL_CONVERSION = YES;
				CLANG_WARN_OBJC_IMPLICIT_RETAIN_SELF = YES;
				CLANG_WARN_OBJC_LITERAL_CONVERSION = YES;
				CLANG_WARN_OBJC_ROOT_CLASS = YES_ERROR;
				CLANG_WARN_QUOTED_INCLUDE_IN_FRAMEWORK_HEADER = YES;
				CLANG_WARN_RANGE_LOOP_ANALYSIS = YES;
				CLANG_WARN_STRICT_PROTOTYPES = YES;
				CLANG_WARN_SUSPICIOUS_MOVE = YES;
				CLANG_WARN_UNGUARDED_AVAILABILITY = YES_AGGRESSIVE;
				CLANG_WARN_UNREACHABLE_CODE = YES;
				CLANG_WARN__DUPLICATE_METHOD_MATCH = YES;
				CODE_SIGN_STYLE = Manual;
				COPY_PHASE_STRIP = NO;
				CURRENT_PROJECT_VERSION = 1;
				DEBUG_INFORMATION_FORMAT = "dwarf-with-dsym";
				DEFINES_MODULE = YES;
				DYLIB_COMPATIBILITY_VERSION = 1;
				DYLIB_CURRENT_VERSION = 1;
				ENABLE_NS_ASSERTIONS = NO;
				ENABLE_STRICT_OBJC_MSGSEND = YES;
				GCC_C_LANGUAGE_STANDARD = gnu11;
				GCC_NO_COMMON_BLOCKS = YES;
				GCC_WARN_64_TO_32_BIT_CONVERSION = YES;
				GCC_WARN_ABOUT_RETURN_TYPE = YES_ERROR;
				GCC_WARN_UNDECLARED_SELECTOR = YES;
				GCC_WARN_UNINITIALIZED_AUTOS = YES_AGGRESSIVE;
				GCC_WARN_UNUSED_FUNCTION = YES;
				GCC_WARN_UNUSED_VARIABLE = YES;
				GENERATE_INFOPLIST_FILE = YES;
				IPHONEOS_DEPLOYMENT_TARGET = 15.0;
				MARKETING_VERSION = 1.0;
				MTL_ENABLE_DEBUG_INFO = NO;
				MTL_FAST_MATH = YES;
				PRODUCT_BUNDLE_IDENTIFIER = com.qbeaudoul.Network;
				PRODUCT_NAME = Network;
				SDKROOT = iphoneos;
				SUPPORTS_MACCATALYST = NO;
				SWIFT_COMPILATION_MODE = wholemodule;
				SWIFT_EMIT_LOC_STRINGS = YES;
				SWIFT_OPTIMIZATION_LEVEL = "-O";
				SWIFT_VERSION = 5.0;
				TARGETED_DEVICE_FAMILY = 1;
				VALIDATE_PRODUCT = YES;
				VERSIONING_SYSTEM = "apple-generic";
				VERSION_INFO_PREFIX = "";
			};
			name = Release;
		};
		4F4234DE27A9757D00512C5E /* Debug */ = {
			isa = XCBuildConfiguration;
			baseConfigurationReference = 3325122A1BBA43EB87DC7D6C /* Pods-LBNetwork.debug.xcconfig */;
			buildSettings = {
				DYLIB_INSTALL_NAME_BASE = "@rpath";
				INSTALL_PATH = "$(LOCAL_LIBRARY_DIR)/Frameworks";
				LD_RUNPATH_SEARCH_PATHS = (
					"$(inherited)",
					"@executable_path/Frameworks",
					"@loader_path/Frameworks",
				);
				PRODUCT_BUNDLE_IDENTIFIER = com.qbeaudoul.LBNetwork;
				PRODUCT_NAME = LBNetwork;
				SKIP_INSTALL = YES;
			};
			name = Debug;
		};
		4F4234DF27A9757D00512C5E /* Release */ = {
			isa = XCBuildConfiguration;
			baseConfigurationReference = 27A1AE6A0B999360EB8EE48C /* Pods-LBNetwork.release.xcconfig */;
			buildSettings = {
				DYLIB_INSTALL_NAME_BASE = "@rpath";
				INSTALL_PATH = "$(LOCAL_LIBRARY_DIR)/Frameworks";
				LD_RUNPATH_SEARCH_PATHS = (
					"$(inherited)",
					"@executable_path/Frameworks",
					"@loader_path/Frameworks",
				);
				PRODUCT_BUNDLE_IDENTIFIER = com.qbeaudoul.LBNetwork;
				PRODUCT_NAME = LBNetwork;
				SKIP_INSTALL = YES;
			};
			name = Release;
		};
		4F4234E127A9757D00512C5E /* Debug */ = {
			isa = XCBuildConfiguration;
			buildSettings = {
				PRODUCT_BUNDLE_IDENTIFIER = "$(PRODUCT_BUNDLE_IDENTIFIER)Tests";
				PRODUCT_NAME = LBNetworkTests;
				SWIFT_EMIT_LOC_STRINGS = NO;
			};
			name = Debug;
		};
		4F4234E227A9757D00512C5E /* Release */ = {
			isa = XCBuildConfiguration;
			buildSettings = {
				PRODUCT_BUNDLE_IDENTIFIER = "$(PRODUCT_BUNDLE_IDENTIFIER)Tests";
				PRODUCT_NAME = LBNetworkTests;
				SWIFT_EMIT_LOC_STRINGS = NO;
			};
			name = Release;
		};
/* End XCBuildConfiguration section */

/* Begin XCConfigurationList section */
		4F4234C327A9757C00512C5E /* Build configuration list for PBXProject "LBNetwork" */ = {
			isa = XCConfigurationList;
			buildConfigurations = (
				4F4234DB27A9757D00512C5E /* Debug */,
				4F4234DC27A9757D00512C5E /* Release */,
			);
			defaultConfigurationIsVisible = 0;
			defaultConfigurationName = Release;
		};
		4F4234DD27A9757D00512C5E /* Build configuration list for PBXNativeTarget "LBNetwork" */ = {
			isa = XCConfigurationList;
			buildConfigurations = (
				4F4234DE27A9757D00512C5E /* Debug */,
				4F4234DF27A9757D00512C5E /* Release */,
			);
			defaultConfigurationIsVisible = 0;
			defaultConfigurationName = Release;
		};
		4F4234E027A9757D00512C5E /* Build configuration list for PBXNativeTarget "LBNetworkTests" */ = {
			isa = XCConfigurationList;
			buildConfigurations = (
				4F4234E127A9757D00512C5E /* Debug */,
				4F4234E227A9757D00512C5E /* Release */,
			);
			defaultConfigurationIsVisible = 0;
			defaultConfigurationName = Release;
		};
/* End XCConfigurationList section */
	};
	rootObject = 4F4234C027A9757C00512C5E /* Project object */;
}
