// !$*UTF8*$!
{
	archiveVersion = 1;
	classes = {
	};
	objectVersion = 55;
	objects = {

/* Begin PBXBuildFile section */
		4F029C3D27B7B0090042B179 /* R.generated.swift in Sources */ = {isa = PBXBuildFile; fileRef = 4F029C3C27B7B0090042B179 /* R.generated.swift */; };
		4F12AB7727B7F55E00B67FED /* UIView.swift in Sources */ = {isa = PBXBuildFile; fileRef = 4F12AB7627B7F55E00B67FED /* UIView.swift */; };
		4F12AB7C27B7F8C700B67FED /* UIAlertController.swift in Sources */ = {isa = PBXBuildFile; fileRef = 4F12AB7B27B7F8C700B67FED /* UIAlertController.swift */; };
		4F12AB8E27B8201A00B67FED /* UIImage.swift in Sources */ = {isa = PBXBuildFile; fileRef = 4F12AB8D27B8201A00B67FED /* UIImage.swift */; };
		4F4235A327AEBF5B00512C5E /* Extension.h in Headers */ = {isa = PBXBuildFile; fileRef = 4F4235A227AEBF5B00512C5E /* Extension.h */; settings = {ATTRIBUTES = (Public, ); }; };
		4F4235C927B2C61400512C5E /* Assets.xcassets in Resources */ = {isa = PBXBuildFile; fileRef = 4F4235C827B2C61400512C5E /* Assets.xcassets */; };
		668AB9B527BA8916006EEA6D /* UIViewController.swift in Sources */ = {isa = PBXBuildFile; fileRef = 668AB9B427BA8916006EEA6D /* UIViewController.swift */; };
		D3F23D4225B46B6CA718FEAB /* Pods_Extension.framework in Frameworks */ = {isa = PBXBuildFile; fileRef = 582608E68D4B75762C0FF9B1 /* Pods_Extension.framework */; };
/* End PBXBuildFile section */

/* Begin PBXFileReference section */
		4F029C3C27B7B0090042B179 /* R.generated.swift */ = {isa = PBXFileReference; fileEncoding = 4; lastKnownFileType = sourcecode.swift; path = R.generated.swift; sourceTree = "<group>"; };
		4F029C4527B7B9940042B179 /* Rswift.framework */ = {isa = PBXFileReference; explicitFileType = wrapper.framework; path = Rswift.framework; sourceTree = BUILT_PRODUCTS_DIR; };
		4F029C5027B7BB2B0042B179 /* Rswift.framework */ = {isa = PBXFileReference; explicitFileType = wrapper.framework; path = Rswift.framework; sourceTree = BUILT_PRODUCTS_DIR; };
		4F12AB6927B7BF5700B67FED /* Rswift.framework */ = {isa = PBXFileReference; explicitFileType = wrapper.framework; path = Rswift.framework; sourceTree = BUILT_PRODUCTS_DIR; };
		4F12AB6E27B7C7A000B67FED /* Rswift.framework */ = {isa = PBXFileReference; explicitFileType = wrapper.framework; path = Rswift.framework; sourceTree = BUILT_PRODUCTS_DIR; };
		4F12AB7227B7CA5800B67FED /* Rswift.framework */ = {isa = PBXFileReference; explicitFileType = wrapper.framework; path = Rswift.framework; sourceTree = BUILT_PRODUCTS_DIR; };
		4F12AB7627B7F55E00B67FED /* UIView.swift */ = {isa = PBXFileReference; lastKnownFileType = sourcecode.swift; path = UIView.swift; sourceTree = "<group>"; };
		4F12AB7B27B7F8C700B67FED /* UIAlertController.swift */ = {isa = PBXFileReference; lastKnownFileType = sourcecode.swift; path = UIAlertController.swift; sourceTree = "<group>"; };
		4F12AB8D27B8201A00B67FED /* UIImage.swift */ = {isa = PBXFileReference; lastKnownFileType = sourcecode.swift; path = UIImage.swift; sourceTree = "<group>"; };
		4F42359F27AEBF5B00512C5E /* Extension.framework */ = {isa = PBXFileReference; explicitFileType = wrapper.framework; includeInIndex = 0; path = Extension.framework; sourceTree = BUILT_PRODUCTS_DIR; };
		4F4235A227AEBF5B00512C5E /* Extension.h */ = {isa = PBXFileReference; lastKnownFileType = sourcecode.c.h; path = Extension.h; sourceTree = "<group>"; };
		4F4235C827B2C61400512C5E /* Assets.xcassets */ = {isa = PBXFileReference; lastKnownFileType = folder.assetcatalog; path = Assets.xcassets; sourceTree = "<group>"; };
		582608E68D4B75762C0FF9B1 /* Pods_Extension.framework */ = {isa = PBXFileReference; explicitFileType = wrapper.framework; includeInIndex = 0; path = Pods_Extension.framework; sourceTree = BUILT_PRODUCTS_DIR; };
		668AB9B427BA8916006EEA6D /* UIViewController.swift */ = {isa = PBXFileReference; lastKnownFileType = sourcecode.swift; path = UIViewController.swift; sourceTree = "<group>"; };
		94A92FBEE311C95B82DF09B0 /* Pods-Extension.debug.xcconfig */ = {isa = PBXFileReference; includeInIndex = 1; lastKnownFileType = text.xcconfig; name = "Pods-Extension.debug.xcconfig"; path = "Target Support Files/Pods-Extension/Pods-Extension.debug.xcconfig"; sourceTree = "<group>"; };
		DFB9C2A28B609A49C67502E9 /* Pods-Extension.release.xcconfig */ = {isa = PBXFileReference; includeInIndex = 1; lastKnownFileType = text.xcconfig; name = "Pods-Extension.release.xcconfig"; path = "Target Support Files/Pods-Extension/Pods-Extension.release.xcconfig"; sourceTree = "<group>"; };
/* End PBXFileReference section */

/* Begin PBXFrameworksBuildPhase section */
		4F42359C27AEBF5B00512C5E /* Frameworks */ = {
			isa = PBXFrameworksBuildPhase;
			buildActionMask = 2147483647;
			files = (
				D3F23D4225B46B6CA718FEAB /* Pods_Extension.framework in Frameworks */,
			);
			runOnlyForDeploymentPostprocessing = 0;
		};
/* End PBXFrameworksBuildPhase section */

/* Begin PBXGroup section */
		4F12AB6D27B7C50500B67FED /* Ressouces */ = {
			isa = PBXGroup;
			children = (
				4F029C3C27B7B0090042B179 /* R.generated.swift */,
				4F4235C827B2C61400512C5E /* Assets.xcassets */,
			);
			name = Ressouces;
			sourceTree = "<group>";
		};
		4F42359527AEBF5B00512C5E = {
			isa = PBXGroup;
			children = (
				4F12AB6D27B7C50500B67FED /* Ressouces */,
				4F4235A127AEBF5B00512C5E /* Classes */,
				4F4235A027AEBF5B00512C5E /* Products */,
				BBA5424A93374CAF7312EAD0 /* Pods */,
				8A351E1803E8EC878E62773F /* Frameworks */,
			);
			sourceTree = "<group>";
		};
		4F4235A027AEBF5B00512C5E /* Products */ = {
			isa = PBXGroup;
			children = (
				4F42359F27AEBF5B00512C5E /* Extension.framework */,
			);
			name = Products;
			sourceTree = "<group>";
		};
		4F4235A127AEBF5B00512C5E /* Classes */ = {
			isa = PBXGroup;
			children = (
				4F4235A227AEBF5B00512C5E /* Extension.h */,
				4F12AB7627B7F55E00B67FED /* UIView.swift */,
				4F12AB7B27B7F8C700B67FED /* UIAlertController.swift */,
				4F12AB8D27B8201A00B67FED /* UIImage.swift */,
				668AB9B427BA8916006EEA6D /* UIViewController.swift */,
			);
			path = Classes;
			sourceTree = "<group>";
		};
		8A351E1803E8EC878E62773F /* Frameworks */ = {
			isa = PBXGroup;
			children = (
				4F12AB7227B7CA5800B67FED /* Rswift.framework */,
				4F12AB6E27B7C7A000B67FED /* Rswift.framework */,
				4F12AB6927B7BF5700B67FED /* Rswift.framework */,
				4F029C5027B7BB2B0042B179 /* Rswift.framework */,
				4F029C4527B7B9940042B179 /* Rswift.framework */,
				582608E68D4B75762C0FF9B1 /* Pods_Extension.framework */,
			);
			name = Frameworks;
			sourceTree = "<group>";
		};
		BBA5424A93374CAF7312EAD0 /* Pods */ = {
			isa = PBXGroup;
			children = (
				94A92FBEE311C95B82DF09B0 /* Pods-Extension.debug.xcconfig */,
				DFB9C2A28B609A49C67502E9 /* Pods-Extension.release.xcconfig */,
			);
			name = Pods;
			path = ../Pods;
			sourceTree = "<group>";
		};
/* End PBXGroup section */

/* Begin PBXHeadersBuildPhase section */
		4F42359A27AEBF5B00512C5E /* Headers */ = {
			isa = PBXHeadersBuildPhase;
			buildActionMask = 2147483647;
			files = (
				4F4235A327AEBF5B00512C5E /* Extension.h in Headers */,
			);
			runOnlyForDeploymentPostprocessing = 0;
		};
/* End PBXHeadersBuildPhase section */

/* Begin PBXNativeTarget section */
		4F42359E27AEBF5B00512C5E /* Extension */ = {
			isa = PBXNativeTarget;
			buildConfigurationList = 4F4235A627AEBF5B00512C5E /* Build configuration list for PBXNativeTarget "Extension" */;
			buildPhases = (
				B238ABCC19DAD6C270ECEAD8 /* [CP] Check Pods Manifest.lock */,
				4F42359A27AEBF5B00512C5E /* Headers */,
				4F029C3A27B7AEF10042B179 /* R.swift */,
				4F42359B27AEBF5B00512C5E /* Sources */,
				4F42359C27AEBF5B00512C5E /* Frameworks */,
				4F42359D27AEBF5B00512C5E /* Resources */,
			);
			buildRules = (
			);
			dependencies = (
			);
			name = Extension;
			productName = Extension;
			productReference = 4F42359F27AEBF5B00512C5E /* Extension.framework */;
			productType = "com.apple.product-type.framework";
		};
/* End PBXNativeTarget section */

/* Begin PBXProject section */
		4F42359627AEBF5B00512C5E /* Project object */ = {
			isa = PBXProject;
			attributes = {
				BuildIndependentTargetsInParallel = 1;
				LastUpgradeCheck = 1320;
				TargetAttributes = {
					4F42359E27AEBF5B00512C5E = {
						CreatedOnToolsVersion = 13.2.1;
						LastSwiftMigration = 1320;
					};
				};
			};
			buildConfigurationList = 4F42359927AEBF5B00512C5E /* Build configuration list for PBXProject "Extension" */;
			compatibilityVersion = "Xcode 13.0";
			developmentRegion = en;
			hasScannedForEncodings = 0;
			knownRegions = (
				en,
				Base,
			);
			mainGroup = 4F42359527AEBF5B00512C5E;
			productRefGroup = 4F4235A027AEBF5B00512C5E /* Products */;
			projectDirPath = "";
			projectRoot = "";
			targets = (
				4F42359E27AEBF5B00512C5E /* Extension */,
			);
		};
/* End PBXProject section */

/* Begin PBXResourcesBuildPhase section */
		4F42359D27AEBF5B00512C5E /* Resources */ = {
			isa = PBXResourcesBuildPhase;
			buildActionMask = 2147483647;
			files = (
				4F4235C927B2C61400512C5E /* Assets.xcassets in Resources */,
			);
			runOnlyForDeploymentPostprocessing = 0;
		};
/* End PBXResourcesBuildPhase section */

/* Begin PBXShellScriptBuildPhase section */
		4F029C3A27B7AEF10042B179 /* R.swift */ = {
			isa = PBXShellScriptBuildPhase;
			alwaysOutOfDate = 1;
			buildActionMask = 2147483647;
			files = (
			);
			inputFileListPaths = (
			);
			inputPaths = (
			);
			name = R.swift;
			outputFileListPaths = (
			);
			outputPaths = (
				$SRCROOT/R.generated.swift,
			);
			runOnlyForDeploymentPostprocessing = 0;
			shellPath = /bin/sh;
			shellScript = "\"$PODS_ROOT/R.swift/rswift\" generate --accessLevel public \"$SRCROOT/R.generated.swift\"\n";
		};
		B238ABCC19DAD6C270ECEAD8 /* [CP] Check Pods Manifest.lock */ = {
			isa = PBXShellScriptBuildPhase;
			buildActionMask = 2147483647;
			files = (
			);
			inputFileListPaths = (
			);
			inputPaths = (
				"${PODS_PODFILE_DIR_PATH}/Podfile.lock",
				"${PODS_ROOT}/Manifest.lock",
			);
			name = "[CP] Check Pods Manifest.lock";
			outputFileListPaths = (
			);
			outputPaths = (
				"$(DERIVED_FILE_DIR)/Pods-Extension-checkManifestLockResult.txt",
			);
			runOnlyForDeploymentPostprocessing = 0;
			shellPath = /bin/sh;
			shellScript = "diff \"${PODS_PODFILE_DIR_PATH}/Podfile.lock\" \"${PODS_ROOT}/Manifest.lock\" > /dev/null\nif [ $? != 0 ] ; then\n    # print error to STDERR\n    echo \"error: The sandbox is not in sync with the Podfile.lock. Run 'pod install' or update your CocoaPods installation.\" >&2\n    exit 1\nfi\n# This output is used by Xcode 'outputs' to avoid re-running this script phase.\necho \"SUCCESS\" > \"${SCRIPT_OUTPUT_FILE_0}\"\n";
			showEnvVarsInLog = 0;
		};
/* End PBXShellScriptBuildPhase section */

/* Begin PBXSourcesBuildPhase section */
		4F42359B27AEBF5B00512C5E /* Sources */ = {
			isa = PBXSourcesBuildPhase;
			buildActionMask = 2147483647;
			files = (
				4F12AB7C27B7F8C700B67FED /* UIAlertController.swift in Sources */,
				4F12AB8E27B8201A00B67FED /* UIImage.swift in Sources */,
				4F12AB7727B7F55E00B67FED /* UIView.swift in Sources */,
				4F029C3D27B7B0090042B179 /* R.generated.swift in Sources */,
				668AB9B527BA8916006EEA6D /* UIViewController.swift in Sources */,
			);
			runOnlyForDeploymentPostprocessing = 0;
		};
/* End PBXSourcesBuildPhase section */

/* Begin XCBuildConfiguration section */
		4F4235A427AEBF5B00512C5E /* Debug */ = {
			isa = XCBuildConfiguration;
			buildSettings = {
				ALWAYS_SEARCH_USER_PATHS = NO;
				CLANG_ANALYZER_NONNULL = YES;
				CLANG_ANALYZER_NUMBER_OBJECT_CONVERSION = YES_AGGRESSIVE;
				CLANG_CXX_LANGUAGE_STANDARD = "gnu++17";
				CLANG_CXX_LIBRARY = "libc++";
				CLANG_ENABLE_OBJC_ARC = YES;
				CLANG_ENABLE_OBJC_WEAK = YES;
				CLANG_WARN_BLOCK_CAPTURE_AUTORELEASING = YES;
				CLANG_WARN_BOOL_CONVERSION = YES;
				CLANG_WARN_COMMA = YES;
				CLANG_WARN_CONSTANT_CONVERSION = YES;
				CLANG_WARN_DEPRECATED_OBJC_IMPLEMENTATIONS = YES;
				CLANG_WARN_DIRECT_OBJC_ISA_USAGE = YES_ERROR;
				CLANG_WARN_DOCUMENTATION_COMMENTS = YES;
				CLANG_WARN_EMPTY_BODY = YES;
				CLANG_WARN_ENUM_CONVERSION = YES;
				CLANG_WARN_INFINITE_RECURSION = YES;
				CLANG_WARN_INT_CONVERSION = YES;
				CLANG_WARN_NON_LITERAL_NULL_CONVERSION = YES;
				CLANG_WARN_OBJC_IMPLICIT_RETAIN_SELF = YES;
				CLANG_WARN_OBJC_LITERAL_CONVERSION = YES;
				CLANG_WARN_OBJC_ROOT_CLASS = YES_ERROR;
				CLANG_WARN_QUOTED_INCLUDE_IN_FRAMEWORK_HEADER = YES;
				CLANG_WARN_RANGE_LOOP_ANALYSIS = YES;
				CLANG_WARN_STRICT_PROTOTYPES = YES;
				CLANG_WARN_SUSPICIOUS_MOVE = YES;
				CLANG_WARN_UNGUARDED_AVAILABILITY = YES_AGGRESSIVE;
				CLANG_WARN_UNREACHABLE_CODE = YES;
				CLANG_WARN__DUPLICATE_METHOD_MATCH = YES;
				CODE_SIGN_STYLE = Manual;
				COPY_PHASE_STRIP = NO;
				CURRENT_PROJECT_VERSION = 1;
				DEBUG_INFORMATION_FORMAT = dwarf;
				DEFINES_MODULE = YES;
				DYLIB_COMPATIBILITY_VERSION = 1;
				DYLIB_CURRENT_VERSION = 1;
				ENABLE_STRICT_OBJC_MSGSEND = YES;
				ENABLE_TESTABILITY = YES;
				GCC_C_LANGUAGE_STANDARD = gnu11;
				GCC_DYNAMIC_NO_PIC = NO;
				GCC_NO_COMMON_BLOCKS = YES;
				GCC_OPTIMIZATION_LEVEL = 0;
				GCC_PREPROCESSOR_DEFINITIONS = (
					"DEBUG=1",
					"$(inherited)",
				);
				GCC_WARN_64_TO_32_BIT_CONVERSION = YES;
				GCC_WARN_ABOUT_RETURN_TYPE = YES_ERROR;
				GCC_WARN_UNDECLARED_SELECTOR = YES;
				GCC_WARN_UNINITIALIZED_AUTOS = YES_AGGRESSIVE;
				GCC_WARN_UNUSED_FUNCTION = YES;
				GCC_WARN_UNUSED_VARIABLE = YES;
				GENERATE_INFOPLIST_FILE = YES;
				IPHONEOS_DEPLOYMENT_TARGET = 15.0;
				MARKETING_VERSION = 1.0.0;
				MTL_ENABLE_DEBUG_INFO = INCLUDE_SOURCE;
				MTL_FAST_MATH = YES;
				ONLY_ACTIVE_ARCH = YES;
				PRODUCT_BUNDLE_IDENTIFIER = com.qbeaudoul.Extension;
				PRODUCT_NAME = Extension;
				SDKROOT = iphoneos;
				SUPPORTS_MACCATALYST = NO;
				SUPPORTS_MAC_DESIGNED_FOR_IPHONE_IPAD = NO;
				SWIFT_ACTIVE_COMPILATION_CONDITIONS = DEBUG;
				SWIFT_EMIT_LOC_STRINGS = YES;
				SWIFT_OPTIMIZATION_LEVEL = "-Onone";
				SWIFT_VERSION = 5.0;
				TARGETED_DEVICE_FAMILY = 1;
				VERSIONING_SYSTEM = "apple-generic";
				VERSION_INFO_PREFIX = "";
			};
			name = Debug;
		};
		4F4235A527AEBF5B00512C5E /* Release */ = {
			isa = XCBuildConfiguration;
			buildSettings = {
				ALWAYS_SEARCH_USER_PATHS = NO;
				CLANG_ANALYZER_NONNULL = YES;
				CLANG_ANALYZER_NUMBER_OBJECT_CONVERSION = YES_AGGRESSIVE;
				CLANG_CXX_LANGUAGE_STANDARD = "gnu++17";
				CLANG_CXX_LIBRARY = "libc++";
				CLANG_ENABLE_OBJC_ARC = YES;
				CLANG_ENABLE_OBJC_WEAK = YES;
				CLANG_WARN_BLOCK_CAPTURE_AUTORELEASING = YES;
				CLANG_WARN_BOOL_CONVERSION = YES;
				CLANG_WARN_COMMA = YES;
				CLANG_WARN_CONSTANT_CONVERSION = YES;
				CLANG_WARN_DEPRECATED_OBJC_IMPLEMENTATIONS = YES;
				CLANG_WARN_DIRECT_OBJC_ISA_USAGE = YES_ERROR;
				CLANG_WARN_DOCUMENTATION_COMMENTS = YES;
				CLANG_WARN_EMPTY_BODY = YES;
				CLANG_WARN_ENUM_CONVERSION = YES;
				CLANG_WARN_INFINITE_RECURSION = YES;
				CLANG_WARN_INT_CONVERSION = YES;
				CLANG_WARN_NON_LITERAL_NULL_CONVERSION = YES;
				CLANG_WARN_OBJC_IMPLICIT_RETAIN_SELF = YES;
				CLANG_WARN_OBJC_LITERAL_CONVERSION = YES;
				CLANG_WARN_OBJC_ROOT_CLASS = YES_ERROR;
				CLANG_WARN_QUOTED_INCLUDE_IN_FRAMEWORK_HEADER = YES;
				CLANG_WARN_RANGE_LOOP_ANALYSIS = YES;
				CLANG_WARN_STRICT_PROTOTYPES = YES;
				CLANG_WARN_SUSPICIOUS_MOVE = YES;
				CLANG_WARN_UNGUARDED_AVAILABILITY = YES_AGGRESSIVE;
				CLANG_WARN_UNREACHABLE_CODE = YES;
				CLANG_WARN__DUPLICATE_METHOD_MATCH = YES;
				CODE_SIGN_STYLE = Manual;
				COPY_PHASE_STRIP = NO;
				CURRENT_PROJECT_VERSION = 1;
				DEBUG_INFORMATION_FORMAT = "dwarf-with-dsym";
				DEFINES_MODULE = YES;
				DYLIB_COMPATIBILITY_VERSION = 1;
				DYLIB_CURRENT_VERSION = 1;
				ENABLE_NS_ASSERTIONS = NO;
				ENABLE_STRICT_OBJC_MSGSEND = YES;
				GCC_C_LANGUAGE_STANDARD = gnu11;
				GCC_NO_COMMON_BLOCKS = YES;
				GCC_WARN_64_TO_32_BIT_CONVERSION = YES;
				GCC_WARN_ABOUT_RETURN_TYPE = YES_ERROR;
				GCC_WARN_UNDECLARED_SELECTOR = YES;
				GCC_WARN_UNINITIALIZED_AUTOS = YES_AGGRESSIVE;
				GCC_WARN_UNUSED_FUNCTION = YES;
				GCC_WARN_UNUSED_VARIABLE = YES;
				GENERATE_INFOPLIST_FILE = YES;
				IPHONEOS_DEPLOYMENT_TARGET = 15.0;
				MARKETING_VERSION = 1.0.0;
				MTL_ENABLE_DEBUG_INFO = NO;
				MTL_FAST_MATH = YES;
				PRODUCT_BUNDLE_IDENTIFIER = com.qbeaudoul.Extension;
				PRODUCT_NAME = Extension;
				SDKROOT = iphoneos;
				SUPPORTS_MACCATALYST = NO;
				SUPPORTS_MAC_DESIGNED_FOR_IPHONE_IPAD = NO;
				SWIFT_COMPILATION_MODE = wholemodule;
				SWIFT_EMIT_LOC_STRINGS = YES;
				SWIFT_OPTIMIZATION_LEVEL = "-O";
				SWIFT_VERSION = 5.0;
				TARGETED_DEVICE_FAMILY = 1;
				VALIDATE_PRODUCT = YES;
				VERSIONING_SYSTEM = "apple-generic";
				VERSION_INFO_PREFIX = "";
			};
			name = Release;
		};
		4F4235A727AEBF5B00512C5E /* Debug */ = {
			isa = XCBuildConfiguration;
			baseConfigurationReference = 94A92FBEE311C95B82DF09B0 /* Pods-Extension.debug.xcconfig */;
			buildSettings = {
				DYLIB_INSTALL_NAME_BASE = "@rpath";
				INSTALL_PATH = "$(LOCAL_LIBRARY_DIR)/Frameworks";
				IPHONEOS_DEPLOYMENT_TARGET = 15.0;
				LD_RUNPATH_SEARCH_PATHS = (
					"$(inherited)",
					"@executable_path/Frameworks",
					"@loader_path/Frameworks",
				);
				SKIP_INSTALL = YES;
			};
			name = Debug;
		};
		4F4235A827AEBF5B00512C5E /* Release */ = {
			isa = XCBuildConfiguration;
			baseConfigurationReference = DFB9C2A28B609A49C67502E9 /* Pods-Extension.release.xcconfig */;
			buildSettings = {
				DYLIB_INSTALL_NAME_BASE = "@rpath";
				INSTALL_PATH = "$(LOCAL_LIBRARY_DIR)/Frameworks";
				IPHONEOS_DEPLOYMENT_TARGET = 15.0;
				LD_RUNPATH_SEARCH_PATHS = (
					"$(inherited)",
					"@executable_path/Frameworks",
					"@loader_path/Frameworks",
				);
				SKIP_INSTALL = YES;
			};
			name = Release;
		};
/* End XCBuildConfiguration section */

/* Begin XCConfigurationList section */
		4F42359927AEBF5B00512C5E /* Build configuration list for PBXProject "Extension" */ = {
			isa = XCConfigurationList;
			buildConfigurations = (
				4F4235A427AEBF5B00512C5E /* Debug */,
				4F4235A527AEBF5B00512C5E /* Release */,
			);
			defaultConfigurationIsVisible = 0;
			defaultConfigurationName = Release;
		};
		4F4235A627AEBF5B00512C5E /* Build configuration list for PBXNativeTarget "Extension" */ = {
			isa = XCConfigurationList;
			buildConfigurations = (
				4F4235A727AEBF5B00512C5E /* Debug */,
				4F4235A827AEBF5B00512C5E /* Release */,
			);
			defaultConfigurationIsVisible = 0;
			defaultConfigurationName = Release;
		};
/* End XCConfigurationList section */
	};
	rootObject = 4F42359627AEBF5B00512C5E /* Project object */;
}
