<?xml version="1.0" encoding="UTF-8"?>
<Scheme
   LastUpgradeVersion = "1320"
   version = "1.3">
   <BuildAction
      parallelizeBuildables = "YES"
      buildImplicitDependencies = "YES">
      <BuildActionEntries>
         <BuildActionEntry
            buildForTesting = "YES"
            buildForRunning = "YES"
            buildForProfiling = "YES"
            buildForArchiving = "YES"
            buildForAnalyzing = "YES">
            <BuildableReference
               BuildableIdentifier = "primary"
               BlueprintIdentifier = "4F4234A727A974EA00512C5E"
               BuildableName = "Le Baluchon.app"
               BlueprintName = "Le Baluchon"
               ReferencedContainer = "container:Le Baluchon.xcodeproj">
            </BuildableReference>
         </BuildActionEntry>
         <BuildActionEntry
            buildForTesting = "YES"
            buildForRunning = "NO"
            buildForProfiling = "NO"
            buildForArchiving = "NO"
            buildForAnalyzing = "NO">
            <BuildableReference
               BuildableIdentifier = "primary"
               BlueprintIdentifier = "4F4234EC27A9765700512C5E"
               BuildableName = "ExchangeRates.framework"
               BlueprintName = "Exchange Rates"
               ReferencedContainer = "container:../Exchange Rates/Exchange Rates.xcodeproj">
            </BuildableReference>
         </BuildActionEntry>
         <BuildActionEntry
            buildForTesting = "YES"
            buildForRunning = "NO"
            buildForProfiling = "NO"
            buildForArchiving = "NO"
            buildForAnalyzing = "NO">
            <BuildableReference
               BuildableIdentifier = "primary"
               BlueprintIdentifier = "4F42351027A976DE00512C5E"
               BuildableName = "Translate.framework"
               BlueprintName = "Translate"
               ReferencedContainer = "container:../Translate/Translate.xcodeproj">
            </BuildableReference>
         </BuildActionEntry>
         <BuildActionEntry
            buildForTesting = "YES"
            buildForRunning = "NO"
            buildForProfiling = "NO"
            buildForArchiving = "NO"
            buildForAnalyzing = "NO">
            <BuildableReference
               BuildableIdentifier = "primary"
               BlueprintIdentifier = "4F42353427A977F700512C5E"
               BuildableName = "Weather.framework"
               BlueprintName = "Weather"
               ReferencedContainer = "container:../Weather/Weather.xcodeproj">
            </BuildableReference>
         </BuildActionEntry>
      </BuildActionEntries>
   </BuildAction>
   <TestAction
      buildConfiguration = "Debug"
      selectedDebuggerIdentifier = "Xcode.DebuggerFoundation.Debugger.LLDB"
      selectedLauncherIdentifier = "Xcode.DebuggerFoundation.Launcher.LLDB"
      shouldUseLaunchSchemeArgsEnv = "YES"
      codeCoverageEnabled = "YES"
      onlyGenerateCoverageForSpecifiedTargets = "YES">
      <CodeCoverageTargets>
         <BuildableReference
            BuildableIdentifier = "primary"
            BlueprintIdentifier = "4F4234EC27A9765700512C5E"
            BuildableName = "ExchangeRates.framework"
            BlueprintName = "Exchange Rates"
            ReferencedContainer = "container:../Exchange Rates/Exchange Rates.xcodeproj">
         </BuildableReference>
         <BuildableReference
            BuildableIdentifier = "primary"
            BlueprintIdentifier = "4F42351027A976DE00512C5E"
            BuildableName = "Translate.framework"
            BlueprintName = "Translate"
            ReferencedContainer = "container:../Translate/Translate.xcodeproj">
         </BuildableReference>
         <BuildableReference
            BuildableIdentifier = "primary"
            BlueprintIdentifier = "4F42353427A977F700512C5E"
            BuildableName = "Weather.framework"
            BlueprintName = "Weather"
            ReferencedContainer = "container:../Weather/Weather.xcodeproj">
         </BuildableReference>
      </CodeCoverageTargets>
      <Testables>
         <TestableReference
            skipped = "NO">
            <BuildableReference
               BuildableIdentifier = "primary"
               BlueprintIdentifier = "4F4234F627A9765800512C5E"
               BuildableName = "ExchangeRatesTests.xctest"
               BlueprintName = "ExchangeRatesTests"
               ReferencedContainer = "container:../Exchange Rates/Exchange Rates.xcodeproj">
            </BuildableReference>
         </TestableReference>
         <TestableReference
            skipped = "NO">
            <BuildableReference
               BuildableIdentifier = "primary"
               BlueprintIdentifier = "4F42351A27A976DE00512C5E"
               BuildableName = "TranslateTests.xctest"
               BlueprintName = "TranslateTests"
               ReferencedContainer = "container:../Translate/Translate.xcodeproj">
            </BuildableReference>
         </TestableReference>
         <TestableReference
            skipped = "NO">
            <BuildableReference
               BuildableIdentifier = "primary"
               BlueprintIdentifier = "66A35CA627C7770D006B01AD"
               BuildableName = "WeatherTests.xctest"
               BlueprintName = "WeatherTests"
               ReferencedContainer = "container:../Weather/Weather.xcodeproj">
            </BuildableReference>
         </TestableReference>
      </Testables>
   </TestAction>
   <LaunchAction
      buildConfiguration = "Debug"
      selectedDebuggerIdentifier = "Xcode.DebuggerFoundation.Debugger.LLDB"
      selectedLauncherIdentifier = "Xcode.DebuggerFoundation.Launcher.LLDB"
      launchStyle = "0"
      useCustomWorkingDirectory = "NO"
      ignoresPersistentStateOnLaunch = "NO"
      debugDocumentVersioning = "YES"
      debugServiceExtension = "internal"
      allowLocationSimulation = "YES">
      <BuildableProductRunnable
         runnableDebuggingMode = "0">
         <BuildableReference
            BuildableIdentifier = "primary"
            BlueprintIdentifier = "4F4234A727A974EA00512C5E"
            BuildableName = "Le Baluchon.app"
            BlueprintName = "Le Baluchon"
            ReferencedContainer = "container:Le Baluchon.xcodeproj">
         </BuildableReference>
      </BuildableProductRunnable>
   </LaunchAction>
   <ProfileAction
      buildConfiguration = "Release"
      shouldUseLaunchSchemeArgsEnv = "YES"
      savedToolIdentifier = ""
      useCustomWorkingDirectory = "NO"
      debugDocumentVersioning = "YES">
      <BuildableProductRunnable
         runnableDebuggingMode = "0">
         <BuildableReference
            BuildableIdentifier = "primary"
            BlueprintIdentifier = "4F4234A727A974EA00512C5E"
            BuildableName = "Le Baluchon.app"
            BlueprintName = "Le Baluchon"
            ReferencedContainer = "container:Le Baluchon.xcodeproj">
         </BuildableReference>
      </BuildableProductRunnable>
   </ProfileAction>
   <AnalyzeAction
      buildConfiguration = "Debug">
   </AnalyzeAction>
   <ArchiveAction
      buildConfiguration = "Release"
      revealArchiveInOrganizer = "YES">
   </ArchiveAction>
</Scheme>
